{
  "name": "ezito-utils",
  "version": "2.4.0",
  "lockfileVersion": 3,
  "requires": true,
  "packages": {
    "": {
      "name": "ezito-utils",
      "version": "2.4.0",
      "license": "ISC",
      "dependencies": {
        "ezito-utils": "^2.4.0"
      },
      "engines": {
        "node": ">=12"
      }
    },
    "node_modules/ezito-utils": {
      "version": "2.4.0",
      "resolved": "https://registry.npmjs.org/ezito-utils/-/ezito-utils-2.4.0.tgz",
      "integrity": "sha512-PQCYzbsFFntE27okjOy+N/HtEvBF9wWBl2ZLypFPS6zcbqhb8CbJmYNJVUpiK+WBXdVKwY3knFNinnnczCK9Wg==",
      "engines": {
        "node": ">=12"
      }
    }
  }
}
